
Microsoft Visual Studio Solution File, Format Version 12.00
# Visual Studio Version 16
VisualStudioVersion = 16.0.31105.61
MinimumVisualStudioVersion = 10.0.40219.1
Project("{FAE04EC0-301F-11D3-BF4B-00C04F79EFBC}") = "Calculation", "Calculation\Calculation.csproj", "{7B360256-7EF6-458A-804A-4FFD0715ED77}"
EndProject
Global
	GlobalSection(SolutionConfigurationPlatforms) = preSolution
		Debug|Any CPU = Debug|Any CPU
		Release|Any CPU = Release|Any CPU
	EndGlobalSection
	GlobalSection(ProjectConfigurationPlatforms) = postSolution
		{7B360256-7EF6-458A-804A-4FFD0715ED77}.Debug|Any CPU.ActiveCfg = Debug|Any CPU
		{7B360256-7EF6-458A-804A-4FFD0715ED77}.Debug|Any CPU.Build.0 = Debug|Any CPU
		{7B360256-7EF6-458A-804A-4FFD0715ED77}.Release|Any CPU.ActiveCfg = Release|Any CPU
		{7B360256-7EF6-458A-804A-4FFD0715ED77}.Release|Any CPU.Build.0 = Release|Any CPU
	EndGlobalSection
	GlobalSection(SolutionProperties) = preSolution
		HideSolutionNode = FALSE
	EndGlobalSection
	GlobalSection(ExtensibilityGlobals) = postSolution
		SolutionGuid = {8EBFED30-805A-455B-B097-929AA801BF9B}
	EndGlobalSection
EndGlobal
