
Microsoft Visual Studio Solution File, Format Version 12.00
# Visual Studio Version 16
VisualStudioVersion = 16.0.29509.3
MinimumVisualStudioVersion = 10.0.40219.1
Project("{8BC9CEB8-8B4A-11D0-8D11-00A0C91BC942}") = "ass5", "ass5\ass5.vcxproj", "{8A86B9EA-915D-4EA6-9E9A-DDA4A3060569}"
EndProject
Global
	GlobalSection(SolutionConfigurationPlatforms) = preSolution
		Debug|x64 = Debug|x64
		Debug|x86 = Debug|x86
		Release|x64 = Release|x64
		Release|x86 = Release|x86
	EndGlobalSection
	GlobalSection(ProjectConfigurationPlatforms) = postSolution
		{8A86B9EA-915D-4EA6-9E9A-DDA4A3060569}.Debug|x64.ActiveCfg = Debug|x64
		{8A86B9EA-915D-4EA6-9E9A-DDA4A3060569}.Debug|x64.Build.0 = Debug|x64
		{8A86B9EA-915D-4EA6-9E9A-DDA4A3060569}.Debug|x86.ActiveCfg = Debug|Win32
		{8A86B9EA-915D-4EA6-9E9A-DDA4A3060569}.Debug|x86.Build.0 = Debug|Win32
		{8A86B9EA-915D-4EA6-9E9A-DDA4A3060569}.Release|x64.ActiveCfg = Release|x64
		{8A86B9EA-915D-4EA6-9E9A-DDA4A3060569}.Release|x64.Build.0 = Release|x64
		{8A86B9EA-915D-4EA6-9E9A-DDA4A3060569}.Release|x86.ActiveCfg = Release|Win32
		{8A86B9EA-915D-4EA6-9E9A-DDA4A3060569}.Release|x86.Build.0 = Release|Win32
	EndGlobalSection
	GlobalSection(SolutionProperties) = preSolution
		HideSolutionNode = FALSE
	EndGlobalSection
	GlobalSection(ExtensibilityGlobals) = postSolution
		SolutionGuid = {DB46A556-3C97-4810-8EC8-D0F71BDE3507}
	EndGlobalSection
EndGlobal
